
Microsoft Visual Studio Solution File, Format Version 12.00
# Visual Studio Version 16
VisualStudioVersion = 16.0.29728.190
MinimumVisualStudioVersion = 10.0.40219.1
Project("{FAE04EC0-301F-11D3-BF4B-00C04F79EFBC}") = "WinFormsDemo", "WinFormsDemo\WinFormsDemo.csproj", "{629596E5-2287-4181-8514-BE56D48AECCE}"
EndProject
Global
	GlobalSection(SolutionConfigurationPlatforms) = preSolution
		Debug|Any CPU = Debug|Any CPU
		Release|Any CPU = Release|Any CPU
	EndGlobalSection
	GlobalSection(ProjectConfigurationPlatforms) = postSolution
		{629596E5-2287-4181-8514-BE56D48AECCE}.Debug|Any CPU.ActiveCfg = Debug|Any CPU
		{629596E5-2287-4181-8514-BE56D48AECCE}.Debug|Any CPU.Build.0 = Debug|Any CPU
		{629596E5-2287-4181-8514-BE56D48AECCE}.Release|Any CPU.ActiveCfg = Release|Any CPU
		{629596E5-2287-4181-8514-BE56D48AECCE}.Release|Any CPU.Build.0 = Release|Any CPU
	EndGlobalSection
	GlobalSection(SolutionProperties) = preSolution
		HideSolutionNode = FALSE
	EndGlobalSection
	GlobalSection(ExtensibilityGlobals) = postSolution
		SolutionGuid = {BAB6AA63-2773-425D-A933-1B0B02890694}
	EndGlobalSection
EndGlobal
